{
  "name": "comment_me",
  "version": "1.0.0",
  "lockfileVersion": 1,
  "requires": true,
  "dependencies": {
    "babel-runtime": {
      "version": "6.26.0",
      "resolved": "https://registry.npmjs.org/babel-runtime/-/babel-runtime-6.26.0.tgz",
      "integrity": "sha1-llxwWGaOgrVde/4E/yM3vItWR/4=",
      "requires": {
        "core-js": "2.5.3",
        "regenerator-runtime": "0.11.1"
      }
    },
    "broker-factory": {
      "version": "1.2.9",
      "resolved": "https://registry.npmjs.org/broker-factory/-/broker-factory-1.2.9.tgz",
      "integrity": "sha512-V97/jr1zFDNjkO39L6k5bIPTfTNL/S5QLKcd8i7vOryUDP4aMqFPjxRLy2U2VFqPbEKEqzu6xU19YabKJZir8w==",
      "requires": {
        "babel-runtime": "6.26.0",
        "fast-unique-numbers": "1.1.3",
        "tslib": "1.9.0",
        "worker-factory": "2.1.6"
      }
    },
    "compilerr": {
      "version": "4.1.3",
      "resolved": "https://registry.npmjs.org/compilerr/-/compilerr-4.1.3.tgz",
      "integrity": "sha512-S2UUyfL8GPzxk+kJW94gLRwp2FlgsZNN+0H95yv6t2csDBtrX0AR/HML3rzBr10myON1gpDpEaYvPjtsABKLXg==",
      "requires": {
        "babel-runtime": "6.26.0",
        "dashify": "1.0.0",
        "indefinite-article": "0.0.2",
        "tslib": "1.9.0"
      }
    },
    "core-js": {
      "version": "2.5.3",
      "resolved": "https://registry.npmjs.org/core-js/-/core-js-2.5.3.tgz",
      "integrity": "sha1-isw4NFgk8W2DZbfJtCWRaOjtYD4="
    },
    "dashify": {
      "version": "1.0.0",
      "resolved": "https://registry.npmjs.org/dashify/-/dashify-1.0.0.tgz",
      "integrity": "sha512-3uyC9AzRYm/9u2nqD8BpIBKsvHg/OfW3FLKS97mJPil2KzFNHgKta3yL2NfzMDY+0ArSLbKfgNXhgq0FyjOhoA=="
    },
    "fast-unique-numbers": {
      "version": "1.1.3",
      "resolved": "https://registry.npmjs.org/fast-unique-numbers/-/fast-unique-numbers-1.1.3.tgz",
      "integrity": "sha512-PrrzbSBcYGzZG74cePBsy6DXqRlRu7x1R/+/MBNaSG99F5qvPUYxzLfv+iRMk2w3ap3UbqOM8021KoxWPgUXjQ==",
      "requires": {
        "babel-runtime": "6.26.0",
        "tslib": "1.9.0"
      }
    },
    "indefinite-article": {
      "version": "0.0.2",
      "resolved": "https://registry.npmjs.org/indefinite-article/-/indefinite-article-0.0.2.tgz",
      "integrity": "sha1-S8hVJXBmz6th6mi+unXRANbiUGs="
    },
    "midi-json-parser": {
      "version": "4.2.6",
      "resolved": "https://registry.npmjs.org/midi-json-parser/-/midi-json-parser-4.2.6.tgz",
      "integrity": "sha512-3+im6dAY9LSo2m54L9KLsLGEAU5SRkHGlpjPlZHSAxRjdjCf1/QPNcM0rop3jmNJzYmouskhgh7xN83J6gCUGA==",
      "requires": {
        "babel-runtime": "6.26.0",
        "midi-json-parser-broker": "2.0.25",
        "midi-json-parser-worker": "4.0.8",
        "tslib": "1.9.0"
      }
    },
    "midi-json-parser-broker": {
      "version": "2.0.25",
      "resolved": "https://registry.npmjs.org/midi-json-parser-broker/-/midi-json-parser-broker-2.0.25.tgz",
      "integrity": "sha512-dkiY5TRsHe31nTySxxUihXy3U+Tqu8Ym5fAx9nXBdaPUk9VsInRwuYaL7eZEd+6LyhWCBPR06VPcXrXpr0u+kg==",
      "requires": {
        "babel-runtime": "6.26.0",
        "broker-factory": "1.2.9",
        "midi-json-parser-worker": "4.0.8",
        "tslib": "1.9.0"
      }
    },
    "midi-json-parser-worker": {
      "version": "4.0.8",
      "resolved": "https://registry.npmjs.org/midi-json-parser-worker/-/midi-json-parser-worker-4.0.8.tgz",
      "integrity": "sha512-8VhDBoaHT9iSDAJ7hNhKJkUMfPABngVEvpmoyxGDSO/cejsP2uPHiEjK+nm/hWSyzZxuq9qWPDlrv1VvLe78qg==",
      "requires": {
        "babel-runtime": "6.26.0",
        "tslib": "1.9.0",
        "worker-factory": "2.1.6"
      }
    },
    "regenerator-runtime": {
      "version": "0.11.1",
      "resolved": "https://registry.npmjs.org/regenerator-runtime/-/regenerator-runtime-0.11.1.tgz",
      "integrity": "sha512-MguG95oij0fC3QV3URf4V2SDYGJhJnJGqvIIgdECeODCT98wSWDAJ94SSuVpYQUoTcGUIL6L4yNB7j1DFFHSBg=="
    },
    "tslib": {
      "version": "1.9.0",
      "resolved": "https://registry.npmjs.org/tslib/-/tslib-1.9.0.tgz",
      "integrity": "sha512-f/qGG2tUkrISBlQZEjEqoZ3B2+npJjIf04H1wuAv9iA8i04Icp+61KRXxFdha22670NJopsZCIjhC3SnjPRKrQ=="
    },
    "worker-factory": {
      "version": "2.1.6",
      "resolved": "https://registry.npmjs.org/worker-factory/-/worker-factory-2.1.6.tgz",
      "integrity": "sha512-TqKWLb7rBcqCFBffUR8wlMAD/qwywoWEegUK/h05zqBRNZ9hR14lShFRZRp7sNPdubkijYwKcli746LclUCJYQ==",
      "requires": {
        "babel-runtime": "6.26.0",
        "compilerr": "4.1.3",
        "fast-unique-numbers": "1.1.3",
        "tslib": "1.9.0"
      }
    }
  }
}
