{
  "name": "comment_me",
  "version": "1.0.0",
  "lockfileVersion": 1,
  "requires": true,
  "dependencies": {
    "graceful-fs": {
      "version": "4.1.11",
      "resolved": "https://registry.npmjs.org/graceful-fs/-/graceful-fs-4.1.11.tgz",
      "integrity": "sha1-Dovf5NHduIVNZOBOp8AOKgJuVlg=",
      "optional": true
    },
    "jsmidgen": {
      "version": "0.1.5",
      "resolved": "https://registry.npmjs.org/jsmidgen/-/jsmidgen-0.1.5.tgz",
      "integrity": "sha1-rQr9Y3XrEvUQZAJTk847rsOAWF0="
    },
    "jsonfile": {
      "version": "4.0.0",
      "resolved": "https://registry.npmjs.org/jsonfile/-/jsonfile-4.0.0.tgz",
      "integrity": "sha1-h3Gq4HmbZAdrdmQPygWPnBDjPss=",
      "requires": {
        "graceful-fs": "4.1.11"
      }
    },
    "midi-file-parser": {
      "version": "1.0.0",
      "resolved": "https://registry.npmjs.org/midi-file-parser/-/midi-file-parser-1.0.0.tgz",
      "integrity": "sha1-F1oBPyd+nSas+Uz+bAOxOrsKHp4="
    },
    "midiconvert": {
      "version": "0.4.3",
      "resolved": "https://registry.npmjs.org/midiconvert/-/midiconvert-0.4.3.tgz",
      "integrity": "sha512-s1x7FnzVuQlEiVUkPM6CWv5Ct/pflqVusdScwfNIT86pMPD+YMzhc/OuFr6IFqr/zTSaYLcJhmuAF+kAOYiWcA==",
      "requires": {
        "jsmidgen": "0.1.5",
        "midi-file-parser": "1.0.0"
      }
    }
  }
}
